langcode: fr
status: true
dependencies:
  module:
    - oab_offices
    - system
  theme:
    - theme_boosted
id: officesmapblock
theme: theme_boosted
region: pre_content
weight: null
provider: null
plugin: offices_map_block
settings:
  id: offices_map_block
  label: 'Offices Map Block'
  provider: oab_offices
  label_display: '0'
  offices_map_custom_text:
    value: ''
    format: full_html
visibility:
  request_path:
    id: request_path
    pages: /contact/any_request
    negate: false
    context_mapping: {  }
