langcode: fr
status: true
dependencies:
  module:
    - oab_cartography
  theme:
    - theme_boosted
id: righticonblock
theme: theme_boosted
region: header
weight: -11
provider: null
plugin: right_icon_block
settings:
  id: right_icon_block
  label: 'Right icon Block'
  provider: oab_cartography
  label_display: '0'
  right_icon_custom_text:
    value: '<span class="glyphicon glyphicon-search" aria-hidden="true" font-size="2em"></span><span class="glyphicon glyphicon-filter" aria-hidden="true"></span><a href="/fr/contact/any_request"><span class="glyphicon icon icon-control_centre" aria-hidden="true"></span></a><span class="align-right icon icon-share" data-toggle="collapse" data-target="#social-share" aria-hidden="true"></span>'
    format: code_source
visibility: {  }
