uuid: 3891302c-47e4-41ca-9a04-28203b1f61da
langcode: fr
status: true
dependencies:
  module:
    - oab_frontoffice
  theme:
    - theme_oab_hub
id: theme_oab_hub_socialshareblock
theme: theme_oab_hub
region: pre_content
weight: -15
provider: null
plugin: social_share_block
settings:
  id: social_share_block
  label: 'Social Share Block'
  provider: oab_frontoffice
  label_display: '0'
  social_share_custom_text:
    value: "<div class=\"collapse\" id=\"social-share\">\r\n<div class=\"container\" id=\"c1\">\r\n<div id=\"sharebar\">&nbsp;</div>\r\n</div>\r\n</div>\r\n"
    format: full_html
visibility: {  }
