uuid: cdf36242-92dd-43d4-8766-514000b1e912
langcode: fr
status: false
dependencies:
  module:
    - oab_cookie_compliance
  theme:
    - theme_boosted
id: cookiecomplianceblock
theme: theme_boosted
region: header
weight: -52
provider: null
plugin: cookie_compliance_block
settings:
  id: cookie_compliance_block
  label: 'Cookie compliance Block'
  provider: oab_cookie_compliance
  label_display: '0'
visibility: {  }
