uuid: 0f46da91-b1a1-4e98-b9d7-53ee65d3c6d5
langcode: fr
status: false
dependencies:
  theme:
    - theme_one_i
id: theme_one_i_directaccessblock
theme: theme_one_i
region: prefooter
weight: -43
provider: null
plugin: direct_access_block
settings:
  id: direct_access_block
  label: 'Direct Access Block'
  provider: oab_frontoffice
  label_display: '0'
  direct_access_custom_text:
    value: "\n<div class=\"col-lg-12 col-md-12 col-sm-12 col-xs-12 bg bg_blue\">\n    <div id=\"slider_direct_access\" class=\"container\">\n      <div class=\"item-direct-access nopadding text-align-center\">\n          <div class=\"div_direct_access border-right\">\n              <i class=\"glyphicon icon icon-wifi link_direct_access\">\n                  <a class=\"text_direct_access \" href=\"\" target=\"_blank\"> Blogs</a> \n              </i>\n          </div>\n      </div>\n      <div class=\"item-direct-access nopadding text-align-center\">\n          <div class=\"div_direct_access border-right\">\n              <i class=\"glyphicon icon icon-Collective_class_training link_direct_access\">\n                  <a class=\"text_direct_access \" href=\"\" target=\"_blank\"> Newsroom</a> \n              </i>\n          </div>\n      </div>\n      <div class=\"item-direct-access nopadding text-align-center\">\n          <div class=\"div_direct_access border-right\">\n              <i class=\"glyphicon icon icon-playmode_random link_direct_access\">\n                  <a class=\"text_direct_access \" href=\"\" target=\"_blank\"> Document</a> \n              </i>\n          </div>\n      </div>\n      <div class=\"item-direct-access nopadding text-align-center\">\n          <div class=\"div_direct_access border-right\">\n              <i class=\"glyphicon icon icon-hotel link_direct_access\">\n                  <a class=\"text_direct_access \" href=\"\" target=\"_blank\"> News</a> \n              </i>\n          </div>\n      </div>\n    </div>\n  </div>\n</div>"
    format: full_html
  visibility:
    'entity_bundle:node':
      id: 'entity_bundle:node'
      bundles:
        blog_post: blog_post
        customer_story: customer_story
        document: document
        magazine: magazine
        partner: partner
        press_kit: press_kit
        press_release: press_release
        simple_page: simple_page
      negate: false
      context_mapping:
        node: '@node.node_route_context:node'
visibility: {  }
