uuid: d89d081a-8c82-4903-8300-aa32682c88c5
langcode: fr
status: true
dependencies:
  module:
    - oab_offices
    - system
  theme:
    - theme_boosted
_core:
  default_config_hash: 9hlw_B1clllx__7qkxHYc5FcXb3whhpO-_4Lg2NBNN8
id: officesmapblock
theme: theme_boosted
region: pre_content
weight: null
provider: null
plugin: offices_map_block
settings:
  id: offices_map_block
  label: 'Offices Map Block'
  provider: oab_offices
  label_display: '0'
  offices_map_custom_text:
    value: ''
    format: full_html
visibility:
  request_path:
    id: request_path
    pages: /contact/any_request
    negate: false
    context_mapping: {  }
