uuid: 8c0cae86-45cb-4cf8-9403-3b1889a8fe70
langcode: fr
status: true
dependencies:
  module:
    - oab_cartography
    - system
  theme:
    - theme_boosted
id: agencemapblock
theme: theme_boosted
region: pre_content
weight: -11
provider: null
plugin: agence_map_block
settings:
  id: agence_map_block
  label: 'Agence Map Block'
  provider: oab_cartography
  label_display: '0'
  agence_map_custom_text:
    value: ''
    format: full_html
visibility:
  request_path:
    id: request_path
    pages: /contact/any_request
    negate: false
    context_mapping: {  }
