langcode: en
status: true
dependencies:
  module:
    - oab_frontoffice
  theme:
    - theme_boosted
id: socialshareblock
theme: theme_boosted
region: pre_content
weight: -14
provider: null
plugin: social_share_block
settings:
  id: social_share_block
  label: 'Social Share Block'
  provider: oab_frontoffice
  label_display: '0'
  social_share_custom_text:
    value: "<div class=\"collapse\" id=\"social-share\">\r\n  <div class=\"container\" id=\"c1\">\r\n    <div id=\"sharebar\"></div>\r\n  </div>\r\n</div>"
    format: full_html
visibility: {  }
